
Microsoft Visual Studio Solution File, Format Version 12.00
# Visual Studio 15
VisualStudioVersion = 15.0.28307.705
MinimumVisualStudioVersion = 10.0.40219.1
Project("{FAE04EC0-301F-11D3-BF4B-00C04F79EFBC}") = "ProjetoFinalEstacionamento", "ProjetoFinalEstacionamento\ProjetoFinalEstacionamento.csproj", "{AA502314-BF70-46B9-8143-F19CED4CB0CF}"
EndProject
Global
	GlobalSection(SolutionConfigurationPlatforms) = preSolution
		Debug|Any CPU = Debug|Any CPU
		Release|Any CPU = Release|Any CPU
	EndGlobalSection
	GlobalSection(ProjectConfigurationPlatforms) = postSolution
		{AA502314-BF70-46B9-8143-F19CED4CB0CF}.Debug|Any CPU.ActiveCfg = Debug|Any CPU
		{AA502314-BF70-46B9-8143-F19CED4CB0CF}.Debug|Any CPU.Build.0 = Debug|Any CPU
		{AA502314-BF70-46B9-8143-F19CED4CB0CF}.Release|Any CPU.ActiveCfg = Release|Any CPU
		{AA502314-BF70-46B9-8143-F19CED4CB0CF}.Release|Any CPU.Build.0 = Release|Any CPU
	EndGlobalSection
	GlobalSection(SolutionProperties) = preSolution
		HideSolutionNode = FALSE
	EndGlobalSection
	GlobalSection(ExtensibilityGlobals) = postSolution
		SolutionGuid = {0562FFAC-9D95-45BB-81B5-3C0B9FDD8C04}
	EndGlobalSection
EndGlobal
